
Microsoft Visual Studio Solution File, Format Version 12.00
# Visual Studio 15
VisualStudioVersion = 15.0.26730.16
MinimumVisualStudioVersion = 10.0.40219.1
Project("{FAE04EC0-301F-11D3-BF4B-00C04F79EFBC}") = "IoCExample", "IoCExample\IoCExample.csproj", "{14E7DB56-2B45-4561-B23C-6E193EA5CFAF}"
EndProject
Global
	GlobalSection(SolutionConfigurationPlatforms) = preSolution
		Debug|Any CPU = Debug|Any CPU
		Release|Any CPU = Release|Any CPU
	EndGlobalSection
	GlobalSection(ProjectConfigurationPlatforms) = postSolution
		{14E7DB56-2B45-4561-B23C-6E193EA5CFAF}.Debug|Any CPU.ActiveCfg = Debug|Any CPU
		{14E7DB56-2B45-4561-B23C-6E193EA5CFAF}.Debug|Any CPU.Build.0 = Debug|Any CPU
		{14E7DB56-2B45-4561-B23C-6E193EA5CFAF}.Release|Any CPU.ActiveCfg = Release|Any CPU
		{14E7DB56-2B45-4561-B23C-6E193EA5CFAF}.Release|Any CPU.Build.0 = Release|Any CPU
	EndGlobalSection
	GlobalSection(SolutionProperties) = preSolution
		HideSolutionNode = FALSE
	EndGlobalSection
	GlobalSection(ExtensibilityGlobals) = postSolution
		SolutionGuid = {64C10D4A-DA40-42FC-B593-A6D38ADD806A}
	EndGlobalSection
EndGlobal
